// !$*UTF8*$!
{
	archiveVersion = 1;
	classes = {
	};
	objectVersion = 46;
	objects = {

/* Begin PBXBuildFile section */
		1A5B684019934EED00C35E59 /* Foundation.framework in Frameworks */ = {isa = PBXBuildFile; fileRef = 1A5B683F19934EED00C35E59 /* Foundation.framework */; };
		1A5B684219934EED00C35E59 /* CoreGraphics.framework in Frameworks */ = {isa = PBXBuildFile; fileRef = 1A5B684119934EED00C35E59 /* CoreGraphics.framework */; };
		1A5B684419934EED00C35E59 /* UIKit.framework in Frameworks */ = {isa = PBXBuildFile; fileRef = 1A5B684319934EED00C35E59 /* UIKit.framework */; };
		1A5B684A19934EED00C35E59 /* InfoPlist.strings in Resources */ = {isa = PBXBuildFile; fileRef = 1A5B684819934EED00C35E59 /* InfoPlist.strings */; };
		1A5B684C19934EED00C35E59 /* main.m in Sources */ = {isa = PBXBuildFile; fileRef = 1A5B684B19934EED00C35E59 /* main.m */; };
		1A5B685019934EED00C35E59 /* AppDelegate.m in Sources */ = {isa = PBXBuildFile; fileRef = 1A5B684F19934EED00C35E59 /* AppDelegate.m */; };
		1A5B685319934EED00C35E59 /* Main.storyboard in Resources */ = {isa = PBXBuildFile; fileRef = 1A5B685119934EED00C35E59 /* Main.storyboard */; };
		1A5B685619934EED00C35E59 /* ViewController.m in Sources */ = {isa = PBXBuildFile; fileRef = 1A5B685519934EED00C35E59 /* ViewController.m */; };
		1A5B685819934EED00C35E59 /* Images.xcassets in Resources */ = {isa = PBXBuildFile; fileRef = 1A5B685719934EED00C35E59 /* Images.xcassets */; };
		1A5B685F19934EED00C35E59 /* XCTest.framework in Frameworks */ = {isa = PBXBuildFile; fileRef = 1A5B685E19934EED00C35E59 /* XCTest.framework */; };
		1A5B686019934EED00C35E59 /* Foundation.framework in Frameworks */ = {isa = PBXBuildFile; fileRef = 1A5B683F19934EED00C35E59 /* Foundation.framework */; };
		1A5B686119934EED00C35E59 /* UIKit.framework in Frameworks */ = {isa = PBXBuildFile; fileRef = 1A5B684319934EED00C35E59 /* UIKit.framework */; };
		1A5B686919934EED00C35E59 /* InfoPlist.strings in Resources */ = {isa = PBXBuildFile; fileRef = 1A5B686719934EED00C35E59 /* InfoPlist.strings */; };
		1A5B686B19934EED00C35E59 /* week5Tests.m in Sources */ = {isa = PBXBuildFile; fileRef = 1A5B686A19934EED00C35E59 /* week5Tests.m */; };
		1A5B688B19934FEE00C35E59 /* 01.jpg in Resources */ = {isa = PBXBuildFile; fileRef = 1A5B687519934FEE00C35E59 /* 01.jpg */; };
		1A5B688C19934FEE00C35E59 /* 02.jpg in Resources */ = {isa = PBXBuildFile; fileRef = 1A5B687619934FEE00C35E59 /* 02.jpg */; };
		1A5B688D19934FEE00C35E59 /* 03.jpg in Resources */ = {isa = PBXBuildFile; fileRef = 1A5B687719934FEE00C35E59 /* 03.jpg */; };
		1A5B688E19934FEE00C35E59 /* 04.jpg in Resources */ = {isa = PBXBuildFile; fileRef = 1A5B687819934FEE00C35E59 /* 04.jpg */; };
		1A5B688F19934FEE00C35E59 /* 05.jpg in Resources */ = {isa = PBXBuildFile; fileRef = 1A5B687919934FEE00C35E59 /* 05.jpg */; };
		1A5B689019934FEE00C35E59 /* 06.jpg in Resources */ = {isa = PBXBuildFile; fileRef = 1A5B687A19934FEE00C35E59 /* 06.jpg */; };
		1A5B689119934FEE00C35E59 /* 07.jpg in Resources */ = {isa = PBXBuildFile; fileRef = 1A5B687B19934FEE00C35E59 /* 07.jpg */; };
		1A5B689219934FEE00C35E59 /* 08.jpg in Resources */ = {isa = PBXBuildFile; fileRef = 1A5B687C19934FEE00C35E59 /* 08.jpg */; };
		1A5B689319934FEE00C35E59 /* 09.jpg in Resources */ = {isa = PBXBuildFile; fileRef = 1A5B687D19934FEE00C35E59 /* 09.jpg */; };
		1A5B689419934FEE00C35E59 /* 10.jpg in Resources */ = {isa = PBXBuildFile; fileRef = 1A5B687E19934FEE00C35E59 /* 10.jpg */; };
		1A5B689519934FEE00C35E59 /* 11.jpg in Resources */ = {isa = PBXBuildFile; fileRef = 1A5B687F19934FEE00C35E59 /* 11.jpg */; };
		1A5B689619934FEE00C35E59 /* 12.jpg in Resources */ = {isa = PBXBuildFile; fileRef = 1A5B688019934FEE00C35E59 /* 12.jpg */; };
		1A5B689719934FEE00C35E59 /* 13.jpg in Resources */ = {isa = PBXBuildFile; fileRef = 1A5B688119934FEE00C35E59 /* 13.jpg */; };
		1A5B689819934FEE00C35E59 /* 14.jpg in Resources */ = {isa = PBXBuildFile; fileRef = 1A5B688219934FEE00C35E59 /* 14.jpg */; };
		1A5B689919934FEE00C35E59 /* 15.jpg in Resources */ = {isa = PBXBuildFile; fileRef = 1A5B688319934FEE00C35E59 /* 15.jpg */; };
		1A5B689A19934FEE00C35E59 /* 16.jpg in Resources */ = {isa = PBXBuildFile; fileRef = 1A5B688419934FEE00C35E59 /* 16.jpg */; };
		1A5B689B19934FEE00C35E59 /* 17.jpg in Resources */ = {isa = PBXBuildFile; fileRef = 1A5B688519934FEE00C35E59 /* 17.jpg */; };
		1A5B689C19934FEE00C35E59 /* 18.jpg in Resources */ = {isa = PBXBuildFile; fileRef = 1A5B688619934FEE00C35E59 /* 18.jpg */; };
		1A5B689D19934FEE00C35E59 /* 19.jpg in Resources */ = {isa = PBXBuildFile; fileRef = 1A5B688719934FEE00C35E59 /* 19.jpg */; };
		1A5B689E19934FEE00C35E59 /* 20.jpg in Resources */ = {isa = PBXBuildFile; fileRef = 1A5B688819934FEE00C35E59 /* 20.jpg */; };
		1A5B689F19934FEE00C35E59 /* 21.jpg in Resources */ = {isa = PBXBuildFile; fileRef = 1A5B688919934FEE00C35E59 /* 21.jpg */; };
		1A5B68A019934FEE00C35E59 /* 22.jpg in Resources */ = {isa = PBXBuildFile; fileRef = 1A5B688A19934FEE00C35E59 /* 22.jpg */; };
/* End PBXBuildFile section */

/* Begin PBXContainerItemProxy section */
		1A5B686219934EED00C35E59 /* PBXContainerItemProxy */ = {
			isa = PBXContainerItemProxy;
			containerPortal = 1A5B683419934EED00C35E59 /* Project object */;
			proxyType = 1;
			remoteGlobalIDString = 1A5B683B19934EED00C35E59;
			remoteInfo = week5;
		};
/* End PBXContainerItemProxy section */

/* Begin PBXFileReference section */
		1A5B683C19934EED00C35E59 /* week5.app */ = {isa = PBXFileReference; explicitFileType = wrapper.application; includeInIndex = 0; path = week5.app; sourceTree = BUILT_PRODUCTS_DIR; };
		1A5B683F19934EED00C35E59 /* Foundation.framework */ = {isa = PBXFileReference; lastKnownFileType = wrapper.framework; name = Foundation.framework; path = System/Library/Frameworks/Foundation.framework; sourceTree = SDKROOT; };
		1A5B684119934EED00C35E59 /* CoreGraphics.framework */ = {isa = PBXFileReference; lastKnownFileType = wrapper.framework; name = CoreGraphics.framework; path = System/Library/Frameworks/CoreGraphics.framework; sourceTree = SDKROOT; };
		1A5B684319934EED00C35E59 /* UIKit.framework */ = {isa = PBXFileReference; lastKnownFileType = wrapper.framework; name = UIKit.framework; path = System/Library/Frameworks/UIKit.framework; sourceTree = SDKROOT; };
		1A5B684719934EED00C35E59 /* week5-Info.plist */ = {isa = PBXFileReference; lastKnownFileType = text.plist.xml; path = "week5-Info.plist"; sourceTree = "<group>"; };
		1A5B684919934EED00C35E59 /* en */ = {isa = PBXFileReference; lastKnownFileType = text.plist.strings; name = en; path = en.lproj/InfoPlist.strings; sourceTree = "<group>"; };
		1A5B684B19934EED00C35E59 /* main.m */ = {isa = PBXFileReference; lastKnownFileType = sourcecode.c.objc; path = main.m; sourceTree = "<group>"; };
		1A5B684D19934EED00C35E59 /* week5-Prefix.pch */ = {isa = PBXFileReference; lastKnownFileType = sourcecode.c.h; path = "week5-Prefix.pch"; sourceTree = "<group>"; };
		1A5B684E19934EED00C35E59 /* AppDelegate.h */ = {isa = PBXFileReference; lastKnownFileType = sourcecode.c.h; path = AppDelegate.h; sourceTree = "<group>"; };
		1A5B684F19934EED00C35E59 /* AppDelegate.m */ = {isa = PBXFileReference; lastKnownFileType = sourcecode.c.objc; path = AppDelegate.m; sourceTree = "<group>"; };
		1A5B685219934EED00C35E59 /* Base */ = {isa = PBXFileReference; lastKnownFileType = file.storyboard; name = Base; path = Base.lproj/Main.storyboard; sourceTree = "<group>"; };
		1A5B685419934EED00C35E59 /* ViewController.h */ = {isa = PBXFileReference; lastKnownFileType = sourcecode.c.h; path = ViewController.h; sourceTree = "<group>"; };
		1A5B685519934EED00C35E59 /* ViewController.m */ = {isa = PBXFileReference; lastKnownFileType = sourcecode.c.objc; path = ViewController.m; sourceTree = "<group>"; };
		1A5B685719934EED00C35E59 /* Images.xcassets */ = {isa = PBXFileReference; lastKnownFileType = folder.assetcatalog; path = Images.xcassets; sourceTree = "<group>"; };
		1A5B685D19934EED00C35E59 /* week5Tests.xctest */ = {isa = PBXFileReference; explicitFileType = wrapper.cfbundle; includeInIndex = 0; path = week5Tests.xctest; sourceTree = BUILT_PRODUCTS_DIR; };
		1A5B685E19934EED00C35E59 /* XCTest.framework */ = {isa = PBXFileReference; lastKnownFileType = wrapper.framework; name = XCTest.framework; path = Library/Frameworks/XCTest.framework; sourceTree = DEVELOPER_DIR; };
		1A5B686619934EED00C35E59 /* week5Tests-Info.plist */ = {isa = PBXFileReference; lastKnownFileType = text.plist.xml; path = "week5Tests-Info.plist"; sourceTree = "<group>"; };
		1A5B686819934EED00C35E59 /* en */ = {isa = PBXFileReference; lastKnownFileType = text.plist.strings; name = en; path = en.lproj/InfoPlist.strings; sourceTree = "<group>"; };
		1A5B686A19934EED00C35E59 /* week5Tests.m */ = {isa = PBXFileReference; lastKnownFileType = sourcecode.c.objc; path = week5Tests.m; sourceTree = "<group>"; };
		1A5B687519934FEE00C35E59 /* 01.jpg */ = {isa = PBXFileReference; lastKnownFileType = image.jpeg; path = 01.jpg; sourceTree = "<group>"; };
		1A5B687619934FEE00C35E59 /* 02.jpg */ = {isa = PBXFileReference; lastKnownFileType = image.jpeg; path = 02.jpg; sourceTree = "<group>"; };
		1A5B687719934FEE00C35E59 /* 03.jpg */ = {isa = PBXFileReference; lastKnownFileType = image.jpeg; path = 03.jpg; sourceTree = "<group>"; };
		1A5B687819934FEE00C35E59 /* 04.jpg */ = {isa = PBXFileReference; lastKnownFileType = image.jpeg; path = 04.jpg; sourceTree = "<group>"; };
		1A5B687919934FEE00C35E59 /* 05.jpg */ = {isa = PBXFileReference; lastKnownFileType = image.jpeg; path = 05.jpg; sourceTree = "<group>"; };
		1A5B687A19934FEE00C35E59 /* 06.jpg */ = {isa = PBXFileReference; lastKnownFileType = image.jpeg; path = 06.jpg; sourceTree = "<group>"; };
		1A5B687B19934FEE00C35E59 /* 07.jpg */ = {isa = PBXFileReference; lastKnownFileType = image.jpeg; path = 07.jpg; sourceTree = "<group>"; };
		1A5B687C19934FEE00C35E59 /* 08.jpg */ = {isa = PBXFileReference; lastKnownFileType = image.jpeg; path = 08.jpg; sourceTree = "<group>"; };
		1A5B687D19934FEE00C35E59 /* 09.jpg */ = {isa = PBXFileReference; lastKnownFileType = image.jpeg; path = 09.jpg; sourceTree = "<group>"; };
		1A5B687E19934FEE00C35E59 /* 10.jpg */ = {isa = PBXFileReference; lastKnownFileType = image.jpeg; path = 10.jpg; sourceTree = "<group>"; };
		1A5B687F19934FEE00C35E59 /* 11.jpg */ = {isa = PBXFileReference; lastKnownFileType = image.jpeg; path = 11.jpg; sourceTree = "<group>"; };
		1A5B688019934FEE00C35E59 /* 12.jpg */ = {isa = PBXFileReference; lastKnownFileType = image.jpeg; path = 12.jpg; sourceTree = "<group>"; };
		1A5B688119934FEE00C35E59 /* 13.jpg */ = {isa = PBXFileReference; lastKnownFileType = image.jpeg; path = 13.jpg; sourceTree = "<group>"; };
		1A5B688219934FEE00C35E59 /* 14.jpg */ = {isa = PBXFileReference; lastKnownFileType = image.jpeg; path = 14.jpg; sourceTree = "<group>"; };
		1A5B688319934FEE00C35E59 /* 15.jpg */ = {isa = PBXFileReference; lastKnownFileType = image.jpeg; path = 15.jpg; sourceTree = "<group>"; };
		1A5B688419934FEE00C35E59 /* 16.jpg */ = {isa = PBXFileReference; lastKnownFileType = image.jpeg; path = 16.jpg; sourceTree = "<group>"; };
		1A5B688519934FEE00C35E59 /* 17.jpg */ = {isa = PBXFileReference; lastKnownFileType = image.jpeg; path = 17.jpg; sourceTree = "<group>"; };
		1A5B688619934FEE00C35E59 /* 18.jpg */ = {isa = PBXFileReference; lastKnownFileType = image.jpeg; path = 18.jpg; sourceTree = "<group>"; };
		1A5B688719934FEE00C35E59 /* 19.jpg */ = {isa = PBXFileReference; lastKnownFileType = image.jpeg; path = 19.jpg; sourceTree = "<group>"; };
		1A5B688819934FEE00C35E59 /* 20.jpg */ = {isa = PBXFileReference; lastKnownFileType = image.jpeg; path = 20.jpg; sourceTree = "<group>"; };
		1A5B688919934FEE00C35E59 /* 21.jpg */ = {isa = PBXFileReference; lastKnownFileType = image.jpeg; path = 21.jpg; sourceTree = "<group>"; };
		1A5B688A19934FEE00C35E59 /* 22.jpg */ = {isa = PBXFileReference; lastKnownFileType = image.jpeg; path = 22.jpg; sourceTree = "<group>"; };
/* End PBXFileReference section */

/* Begin PBXFrameworksBuildPhase section */
		1A5B683919934EED00C35E59 /* Frameworks */ = {
			isa = PBXFrameworksBuildPhase;
			buildActionMask = 2147483647;
			files = (
				1A5B684219934EED00C35E59 /* CoreGraphics.framework in Frameworks */,
				1A5B684419934EED00C35E59 /* UIKit.framework in Frameworks */,
				1A5B684019934EED00C35E59 /* Foundation.framework in Frameworks */,
			);
			runOnlyForDeploymentPostprocessing = 0;
		};
		1A5B685A19934EED00C35E59 /* Frameworks */ = {
			isa = PBXFrameworksBuildPhase;
			buildActionMask = 2147483647;
			files = (
				1A5B685F19934EED00C35E59 /* XCTest.framework in Frameworks */,
				1A5B686119934EED00C35E59 /* UIKit.framework in Frameworks */,
				1A5B686019934EED00C35E59 /* Foundation.framework in Frameworks */,
			);
			runOnlyForDeploymentPostprocessing = 0;
		};
/* End PBXFrameworksBuildPhase section */

/* Begin PBXGroup section */
		1A5B683319934EED00C35E59 = {
			isa = PBXGroup;
			children = (
				1A5B684519934EED00C35E59 /* week5 */,
				1A5B686419934EED00C35E59 /* week5Tests */,
				1A5B683E19934EED00C35E59 /* Frameworks */,
				1A5B683D19934EED00C35E59 /* Products */,
			);
			sourceTree = "<group>";
		};
		1A5B683D19934EED00C35E59 /* Products */ = {
			isa = PBXGroup;
			children = (
				1A5B683C19934EED00C35E59 /* week5.app */,
				1A5B685D19934EED00C35E59 /* week5Tests.xctest */,
			);
			name = Products;
			sourceTree = "<group>";
		};
		1A5B683E19934EED00C35E59 /* Frameworks */ = {
			isa = PBXGroup;
			children = (
				1A5B683F19934EED00C35E59 /* Foundation.framework */,
				1A5B684119934EED00C35E59 /* CoreGraphics.framework */,
				1A5B684319934EED00C35E59 /* UIKit.framework */,
				1A5B685E19934EED00C35E59 /* XCTest.framework */,
			);
			name = Frameworks;
			sourceTree = "<group>";
		};
		1A5B684519934EED00C35E59 /* week5 */ = {
			isa = PBXGroup;
			children = (
				1A5B687419934FA900C35E59 /* images */,
				1A5B684E19934EED00C35E59 /* AppDelegate.h */,
				1A5B684F19934EED00C35E59 /* AppDelegate.m */,
				1A5B685119934EED00C35E59 /* Main.storyboard */,
				1A5B685419934EED00C35E59 /* ViewController.h */,
				1A5B685519934EED00C35E59 /* ViewController.m */,
				1A5B685719934EED00C35E59 /* Images.xcassets */,
				1A5B684619934EED00C35E59 /* Supporting Files */,
			);
			path = week5;
			sourceTree = "<group>";
		};
		1A5B684619934EED00C35E59 /* Supporting Files */ = {
			isa = PBXGroup;
			children = (
				1A5B684719934EED00C35E59 /* week5-Info.plist */,
				1A5B684819934EED00C35E59 /* InfoPlist.strings */,
				1A5B684B19934EED00C35E59 /* main.m */,
				1A5B684D19934EED00C35E59 /* week5-Prefix.pch */,
			);
			name = "Supporting Files";
			sourceTree = "<group>";
		};
		1A5B686419934EED00C35E59 /* week5Tests */ = {
			isa = PBXGroup;
			children = (
				1A5B686A19934EED00C35E59 /* week5Tests.m */,
				1A5B686519934EED00C35E59 /* Supporting Files */,
			);
			path = week5Tests;
			sourceTree = "<group>";
		};
		1A5B686519934EED00C35E59 /* Supporting Files */ = {
			isa = PBXGroup;
			children = (
				1A5B686619934EED00C35E59 /* week5Tests-Info.plist */,
				1A5B686719934EED00C35E59 /* InfoPlist.strings */,
			);
			name = "Supporting Files";
			sourceTree = "<group>";
		};
		1A5B687419934FA900C35E59 /* images */ = {
			isa = PBXGroup;
			children = (
				1A5B687519934FEE00C35E59 /* 01.jpg */,
				1A5B687619934FEE00C35E59 /* 02.jpg */,
				1A5B687719934FEE00C35E59 /* 03.jpg */,
				1A5B687819934FEE00C35E59 /* 04.jpg */,
				1A5B687919934FEE00C35E59 /* 05.jpg */,
				1A5B687A19934FEE00C35E59 /* 06.jpg */,
				1A5B687B19934FEE00C35E59 /* 07.jpg */,
				1A5B687C19934FEE00C35E59 /* 08.jpg */,
				1A5B687D19934FEE00C35E59 /* 09.jpg */,
				1A5B687E19934FEE00C35E59 /* 10.jpg */,
				1A5B687F19934FEE00C35E59 /* 11.jpg */,
				1A5B688019934FEE00C35E59 /* 12.jpg */,
				1A5B688119934FEE00C35E59 /* 13.jpg */,
				1A5B688219934FEE00C35E59 /* 14.jpg */,
				1A5B688319934FEE00C35E59 /* 15.jpg */,
				1A5B688419934FEE00C35E59 /* 16.jpg */,
				1A5B688519934FEE00C35E59 /* 17.jpg */,
				1A5B688619934FEE00C35E59 /* 18.jpg */,
				1A5B688719934FEE00C35E59 /* 19.jpg */,
				1A5B688819934FEE00C35E59 /* 20.jpg */,
				1A5B688919934FEE00C35E59 /* 21.jpg */,
				1A5B688A19934FEE00C35E59 /* 22.jpg */,
			);
			name = images;
			sourceTree = "<group>";
		};
/* End PBXGroup section */

/* Begin PBXNativeTarget section */
		1A5B683B19934EED00C35E59 /* week5 */ = {
			isa = PBXNativeTarget;
			buildConfigurationList = 1A5B686E19934EED00C35E59 /* Build configuration list for PBXNativeTarget "week5" */;
			buildPhases = (
				1A5B683819934EED00C35E59 /* Sources */,
				1A5B683919934EED00C35E59 /* Frameworks */,
				1A5B683A19934EED00C35E59 /* Resources */,
			);
			buildRules = (
			);
			dependencies = (
			);
			name = week5;
			productName = week5;
			productReference = 1A5B683C19934EED00C35E59 /* week5.app */;
			productType = "com.apple.product-type.application";
		};
		1A5B685C19934EED00C35E59 /* week5Tests */ = {
			isa = PBXNativeTarget;
			buildConfigurationList = 1A5B687119934EED00C35E59 /* Build configuration list for PBXNativeTarget "week5Tests" */;
			buildPhases = (
				1A5B685919934EED00C35E59 /* Sources */,
				1A5B685A19934EED00C35E59 /* Frameworks */,
				1A5B685B19934EED00C35E59 /* Resources */,
			);
			buildRules = (
			);
			dependencies = (
				1A5B686319934EED00C35E59 /* PBXTargetDependency */,
			);
			name = week5Tests;
			productName = week5Tests;
			productReference = 1A5B685D19934EED00C35E59 /* week5Tests.xctest */;
			productType = "com.apple.product-type.bundle.unit-test";
		};
/* End PBXNativeTarget section */

/* Begin PBXProject section */
		1A5B683419934EED00C35E59 /* Project object */ = {
			isa = PBXProject;
			attributes = {
				LastUpgradeCheck = 0510;
				ORGANIZATIONNAME = "Yurim Jin";
				TargetAttributes = {
					1A5B685C19934EED00C35E59 = {
						TestTargetID = 1A5B683B19934EED00C35E59;
					};
				};
			};
			buildConfigurationList = 1A5B683719934EED00C35E59 /* Build configuration list for PBXProject "week5" */;
			compatibilityVersion = "Xcode 3.2";
			developmentRegion = English;
			hasScannedForEncodings = 0;
			knownRegions = (
				en,
				Base,
			);
			mainGroup = 1A5B683319934EED00C35E59;
			productRefGroup = 1A5B683D19934EED00C35E59 /* Products */;
			projectDirPath = "";
			projectRoot = "";
			targets = (
				1A5B683B19934EED00C35E59 /* week5 */,
				1A5B685C19934EED00C35E59 /* week5Tests */,
			);
		};
/* End PBXProject section */

/* Begin PBXResourcesBuildPhase section */
		1A5B683A19934EED00C35E59 /* Resources */ = {
			isa = PBXResourcesBuildPhase;
			buildActionMask = 2147483647;
			files = (
				1A5B689419934FEE00C35E59 /* 10.jpg in Resources */,
				1A5B689119934FEE00C35E59 /* 07.jpg in Resources */,
				1A5B689E19934FEE00C35E59 /* 20.jpg in Resources */,
				1A5B688D19934FEE00C35E59 /* 03.jpg in Resources */,
				1A5B689219934FEE00C35E59 /* 08.jpg in Resources */,
				1A5B688C19934FEE00C35E59 /* 02.jpg in Resources */,
				1A5B689C19934FEE00C35E59 /* 18.jpg in Resources */,
				1A5B689B19934FEE00C35E59 /* 17.jpg in Resources */,
				1A5B689619934FEE00C35E59 /* 12.jpg in Resources */,
				1A5B689519934FEE00C35E59 /* 11.jpg in Resources */,
				1A5B68A019934FEE00C35E59 /* 22.jpg in Resources */,
				1A5B689D19934FEE00C35E59 /* 19.jpg in Resources */,
				1A5B688F19934FEE00C35E59 /* 05.jpg in Resources */,
				1A5B689819934FEE00C35E59 /* 14.jpg in Resources */,
				1A5B689019934FEE00C35E59 /* 06.jpg in Resources */,
				1A5B689719934FEE00C35E59 /* 13.jpg in Resources */,
				1A5B689319934FEE00C35E59 /* 09.jpg in Resources */,
				1A5B689F19934FEE00C35E59 /* 21.jpg in Resources */,
				1A5B685819934EED00C35E59 /* Images.xcassets in Resources */,
				1A5B684A19934EED00C35E59 /* InfoPlist.strings in Resources */,
				1A5B688E19934FEE00C35E59 /* 04.jpg in Resources */,
				1A5B688B19934FEE00C35E59 /* 01.jpg in Resources */,
				1A5B689A19934FEE00C35E59 /* 16.jpg in Resources */,
				1A5B685319934EED00C35E59 /* Main.storyboard in Resources */,
				1A5B689919934FEE00C35E59 /* 15.jpg in Resources */,
			);
			runOnlyForDeploymentPostprocessing = 0;
		};
		1A5B685B19934EED00C35E59 /* Resources */ = {
			isa = PBXResourcesBuildPhase;
			buildActionMask = 2147483647;
			files = (
				1A5B686919934EED00C35E59 /* InfoPlist.strings in Resources */,
			);
			runOnlyForDeploymentPostprocessing = 0;
		};
/* End PBXResourcesBuildPhase section */

/* Begin PBXSourcesBuildPhase section */
		1A5B683819934EED00C35E59 /* Sources */ = {
			isa = PBXSourcesBuildPhase;
			buildActionMask = 2147483647;
			files = (
				1A5B685619934EED00C35E59 /* ViewController.m in Sources */,
				1A5B685019934EED00C35E59 /* AppDelegate.m in Sources */,
				1A5B684C19934EED00C35E59 /* main.m in Sources */,
			);
			runOnlyForDeploymentPostprocessing = 0;
		};
		1A5B685919934EED00C35E59 /* Sources */ = {
			isa = PBXSourcesBuildPhase;
			buildActionMask = 2147483647;
			files = (
				1A5B686B19934EED00C35E59 /* week5Tests.m in Sources */,
			);
			runOnlyForDeploymentPostprocessing = 0;
		};
/* End PBXSourcesBuildPhase section */

/* Begin PBXTargetDependency section */
		1A5B686319934EED00C35E59 /* PBXTargetDependency */ = {
			isa = PBXTargetDependency;
			target = 1A5B683B19934EED00C35E59 /* week5 */;
			targetProxy = 1A5B686219934EED00C35E59 /* PBXContainerItemProxy */;
		};
/* End PBXTargetDependency section */

/* Begin PBXVariantGroup section */
		1A5B684819934EED00C35E59 /* InfoPlist.strings */ = {
			isa = PBXVariantGroup;
			children = (
				1A5B684919934EED00C35E59 /* en */,
			);
			name = InfoPlist.strings;
			sourceTree = "<group>";
		};
		1A5B685119934EED00C35E59 /* Main.storyboard */ = {
			isa = PBXVariantGroup;
			children = (
				1A5B685219934EED00C35E59 /* Base */,
			);
			name = Main.storyboard;
			sourceTree = "<group>";
		};
		1A5B686719934EED00C35E59 /* InfoPlist.strings */ = {
			isa = PBXVariantGroup;
			children = (
				1A5B686819934EED00C35E59 /* en */,
			);
			name = InfoPlist.strings;
			sourceTree = "<group>";
		};
/* End PBXVariantGroup section */

/* Begin XCBuildConfiguration section */
		1A5B686C19934EED00C35E59 /* Debug */ = {
			isa = XCBuildConfiguration;
			buildSettings = {
				ALWAYS_SEARCH_USER_PATHS = NO;
				CLANG_CXX_LANGUAGE_STANDARD = "gnu++0x";
				CLANG_CXX_LIBRARY = "libc++";
				CLANG_ENABLE_MODULES = YES;
				CLANG_ENABLE_OBJC_ARC = YES;
				CLANG_WARN_BOOL_CONVERSION = YES;
				CLANG_WARN_CONSTANT_CONVERSION = YES;
				CLANG_WARN_DIRECT_OBJC_ISA_USAGE = YES_ERROR;
				CLANG_WARN_EMPTY_BODY = YES;
				CLANG_WARN_ENUM_CONVERSION = YES;
				CLANG_WARN_INT_CONVERSION = YES;
				CLANG_WARN_OBJC_ROOT_CLASS = YES_ERROR;
				CLANG_WARN__DUPLICATE_METHOD_MATCH = YES;
				"CODE_SIGN_IDENTITY[sdk=iphoneos*]" = "iPhone Developer";
				COPY_PHASE_STRIP = NO;
				GCC_C_LANGUAGE_STANDARD = gnu99;
				GCC_DYNAMIC_NO_PIC = NO;
				GCC_OPTIMIZATION_LEVEL = 0;
				GCC_PREPROCESSOR_DEFINITIONS = (
					"DEBUG=1",
					"$(inherited)",
				);
				GCC_SYMBOLS_PRIVATE_EXTERN = NO;
				GCC_WARN_64_TO_32_BIT_CONVERSION = YES;
				GCC_WARN_ABOUT_RETURN_TYPE = YES_ERROR;
				GCC_WARN_UNDECLARED_SELECTOR = YES;
				GCC_WARN_UNINITIALIZED_AUTOS = YES_AGGRESSIVE;
				GCC_WARN_UNUSED_FUNCTION = YES;
				GCC_WARN_UNUSED_VARIABLE = YES;
				IPHONEOS_DEPLOYMENT_TARGET = 7.1;
				ONLY_ACTIVE_ARCH = YES;
				SDKROOT = iphoneos;
			};
			name = Debug;
		};
		1A5B686D19934EED00C35E59 /* Release */ = {
			isa = XCBuildConfiguration;
			buildSettings = {
				ALWAYS_SEARCH_USER_PATHS = NO;
				CLANG_CXX_LANGUAGE_STANDARD = "gnu++0x";
				CLANG_CXX_LIBRARY = "libc++";
				CLANG_ENABLE_MODULES = YES;
				CLANG_ENABLE_OBJC_ARC = YES;
				CLANG_WARN_BOOL_CONVERSION = YES;
				CLANG_WARN_CONSTANT_CONVERSION = YES;
				CLANG_WARN_DIRECT_OBJC_ISA_USAGE = YES_ERROR;
				CLANG_WARN_EMPTY_BODY = YES;
				CLANG_WARN_ENUM_CONVERSION = YES;
				CLANG_WARN_INT_CONVERSION = YES;
				CLANG_WARN_OBJC_ROOT_CLASS = YES_ERROR;
				CLANG_WARN__DUPLICATE_METHOD_MATCH = YES;
				"CODE_SIGN_IDENTITY[sdk=iphoneos*]" = "iPhone Developer";
				COPY_PHASE_STRIP = YES;
				ENABLE_NS_ASSERTIONS = NO;
				GCC_C_LANGUAGE_STANDARD = gnu99;
				GCC_WARN_64_TO_32_BIT_CONVERSION = YES;
				GCC_WARN_ABOUT_RETURN_TYPE = YES_ERROR;
				GCC_WARN_UNDECLARED_SELECTOR = YES;
				GCC_WARN_UNINITIALIZED_AUTOS = YES_AGGRESSIVE;
				GCC_WARN_UNUSED_FUNCTION = YES;
				GCC_WARN_UNUSED_VARIABLE = YES;
				IPHONEOS_DEPLOYMENT_TARGET = 7.1;
				SDKROOT = iphoneos;
				VALIDATE_PRODUCT = YES;
			};
			name = Release;
		};
		1A5B686F19934EED00C35E59 /* Debug */ = {
			isa = XCBuildConfiguration;
			buildSettings = {
				ASSETCATALOG_COMPILER_APPICON_NAME = AppIcon;
				ASSETCATALOG_COMPILER_LAUNCHIMAGE_NAME = LaunchImage;
				GCC_PRECOMPILE_PREFIX_HEADER = YES;
				GCC_PREFIX_HEADER = "week5/week5-Prefix.pch";
				INFOPLIST_FILE = "week5/week5-Info.plist";
				PRODUCT_NAME = "$(TARGET_NAME)";
				WRAPPER_EXTENSION = app;
			};
			name = Debug;
		};
		1A5B687019934EED00C35E59 /* Release */ = {
			isa = XCBuildConfiguration;
			buildSettings = {
				ASSETCATALOG_COMPILER_APPICON_NAME = AppIcon;
				ASSETCATALOG_COMPILER_LAUNCHIMAGE_NAME = LaunchImage;
				GCC_PRECOMPILE_PREFIX_HEADER = YES;
				GCC_PREFIX_HEADER = "week5/week5-Prefix.pch";
				INFOPLIST_FILE = "week5/week5-Info.plist";
				PRODUCT_NAME = "$(TARGET_NAME)";
				WRAPPER_EXTENSION = app;
			};
			name = Release;
		};
		1A5B687219934EED00C35E59 /* Debug */ = {
			isa = XCBuildConfiguration;
			buildSettings = {
				BUNDLE_LOADER = "$(BUILT_PRODUCTS_DIR)/week5.app/week5";
				FRAMEWORK_SEARCH_PATHS = (
					"$(SDKROOT)/Developer/Library/Frameworks",
					"$(inherited)",
					"$(DEVELOPER_FRAMEWORKS_DIR)",
				);
				GCC_PRECOMPILE_PREFIX_HEADER = YES;
				GCC_PREFIX_HEADER = "week5/week5-Prefix.pch";
				GCC_PREPROCESSOR_DEFINITIONS = (
					"DEBUG=1",
					"$(inherited)",
				);
				INFOPLIST_FILE = "week5Tests/week5Tests-Info.plist";
				PRODUCT_NAME = "$(TARGET_NAME)";
				TEST_HOST = "$(BUNDLE_LOADER)";
				WRAPPER_EXTENSION = xctest;
			};
			name = Debug;
		};
		1A5B687319934EED00C35E59 /* Release */ = {
			isa = XCBuildConfiguration;
			buildSettings = {
				BUNDLE_LOADER = "$(BUILT_PRODUCTS_DIR)/week5.app/week5";
				FRAMEWORK_SEARCH_PATHS = (
					"$(SDKROOT)/Developer/Library/Frameworks",
					"$(inherited)",
					"$(DEVELOPER_FRAMEWORKS_DIR)",
				);
				GCC_PRECOMPILE_PREFIX_HEADER = YES;
				GCC_PREFIX_HEADER = "week5/week5-Prefix.pch";
				INFOPLIST_FILE = "week5Tests/week5Tests-Info.plist";
				PRODUCT_NAME = "$(TARGET_NAME)";
				TEST_HOST = "$(BUNDLE_LOADER)";
				WRAPPER_EXTENSION = xctest;
			};
			name = Release;
		};
/* End XCBuildConfiguration section */

/* Begin XCConfigurationList section */
		1A5B683719934EED00C35E59 /* Build configuration list for PBXProject "week5" */ = {
			isa = XCConfigurationList;
			buildConfigurations = (
				1A5B686C19934EED00C35E59 /* Debug */,
				1A5B686D19934EED00C35E59 /* Release */,
			);
			defaultConfigurationIsVisible = 0;
			defaultConfigurationName = Release;
		};
		1A5B686E19934EED00C35E59 /* Build configuration list for PBXNativeTarget "week5" */ = {
			isa = XCConfigurationList;
			buildConfigurations = (
				1A5B686F19934EED00C35E59 /* Debug */,
				1A5B687019934EED00C35E59 /* Release */,
			);
			defaultConfigurationIsVisible = 0;
		};
		1A5B687119934EED00C35E59 /* Build configuration list for PBXNativeTarget "week5Tests" */ = {
			isa = XCConfigurationList;
			buildConfigurations = (
				1A5B687219934EED00C35E59 /* Debug */,
				1A5B687319934EED00C35E59 /* Release */,
			);
			defaultConfigurationIsVisible = 0;
		};
/* End XCConfigurationList section */
	};
	rootObject = 1A5B683419934EED00C35E59 /* Project object */;
}
