// !$*UTF8*$!
{
	archiveVersion = 1;
	classes = {
	};
	objectVersion = 46;
	objects = {

/* Begin PBXBuildFile section */
		1A06528D19A5C47500075AEB /* Foundation.framework in Frameworks */ = {isa = PBXBuildFile; fileRef = 1A06528C19A5C47500075AEB /* Foundation.framework */; };
		1A06528F19A5C47500075AEB /* CoreGraphics.framework in Frameworks */ = {isa = PBXBuildFile; fileRef = 1A06528E19A5C47500075AEB /* CoreGraphics.framework */; };
		1A06529119A5C47500075AEB /* UIKit.framework in Frameworks */ = {isa = PBXBuildFile; fileRef = 1A06529019A5C47500075AEB /* UIKit.framework */; };
		1A06529719A5C47500075AEB /* InfoPlist.strings in Resources */ = {isa = PBXBuildFile; fileRef = 1A06529519A5C47500075AEB /* InfoPlist.strings */; };
		1A06529919A5C47500075AEB /* main.m in Sources */ = {isa = PBXBuildFile; fileRef = 1A06529819A5C47500075AEB /* main.m */; };
		1A06529D19A5C47500075AEB /* AppDelegate.m in Sources */ = {isa = PBXBuildFile; fileRef = 1A06529C19A5C47500075AEB /* AppDelegate.m */; };
		1A0652A019A5C47500075AEB /* Main.storyboard in Resources */ = {isa = PBXBuildFile; fileRef = 1A06529E19A5C47500075AEB /* Main.storyboard */; };
		1A0652A319A5C47500075AEB /* MasterViewController.m in Sources */ = {isa = PBXBuildFile; fileRef = 1A0652A219A5C47500075AEB /* MasterViewController.m */; };
		1A0652A619A5C47500075AEB /* DetailViewController.m in Sources */ = {isa = PBXBuildFile; fileRef = 1A0652A519A5C47500075AEB /* DetailViewController.m */; };
		1A0652A819A5C47500075AEB /* Images.xcassets in Resources */ = {isa = PBXBuildFile; fileRef = 1A0652A719A5C47500075AEB /* Images.xcassets */; };
		1A0652AF19A5C47500075AEB /* XCTest.framework in Frameworks */ = {isa = PBXBuildFile; fileRef = 1A0652AE19A5C47500075AEB /* XCTest.framework */; };
		1A0652B019A5C47500075AEB /* Foundation.framework in Frameworks */ = {isa = PBXBuildFile; fileRef = 1A06528C19A5C47500075AEB /* Foundation.framework */; };
		1A0652B119A5C47500075AEB /* UIKit.framework in Frameworks */ = {isa = PBXBuildFile; fileRef = 1A06529019A5C47500075AEB /* UIKit.framework */; };
		1A0652B919A5C47500075AEB /* InfoPlist.strings in Resources */ = {isa = PBXBuildFile; fileRef = 1A0652B719A5C47500075AEB /* InfoPlist.strings */; };
		1A0652BB19A5C47500075AEB /* week7Tests.m in Sources */ = {isa = PBXBuildFile; fileRef = 1A0652BA19A5C47500075AEB /* week7Tests.m */; };
/* End PBXBuildFile section */

/* Begin PBXContainerItemProxy section */
		1A0652B219A5C47500075AEB /* PBXContainerItemProxy */ = {
			isa = PBXContainerItemProxy;
			containerPortal = 1A06528119A5C47500075AEB /* Project object */;
			proxyType = 1;
			remoteGlobalIDString = 1A06528819A5C47500075AEB;
			remoteInfo = week7;
		};
/* End PBXContainerItemProxy section */

/* Begin PBXFileReference section */
		1A06528919A5C47500075AEB /* week7.app */ = {isa = PBXFileReference; explicitFileType = wrapper.application; includeInIndex = 0; path = week7.app; sourceTree = BUILT_PRODUCTS_DIR; };
		1A06528C19A5C47500075AEB /* Foundation.framework */ = {isa = PBXFileReference; lastKnownFileType = wrapper.framework; name = Foundation.framework; path = System/Library/Frameworks/Foundation.framework; sourceTree = SDKROOT; };
		1A06528E19A5C47500075AEB /* CoreGraphics.framework */ = {isa = PBXFileReference; lastKnownFileType = wrapper.framework; name = CoreGraphics.framework; path = System/Library/Frameworks/CoreGraphics.framework; sourceTree = SDKROOT; };
		1A06529019A5C47500075AEB /* UIKit.framework */ = {isa = PBXFileReference; lastKnownFileType = wrapper.framework; name = UIKit.framework; path = System/Library/Frameworks/UIKit.framework; sourceTree = SDKROOT; };
		1A06529419A5C47500075AEB /* week7-Info.plist */ = {isa = PBXFileReference; lastKnownFileType = text.plist.xml; path = "week7-Info.plist"; sourceTree = "<group>"; };
		1A06529619A5C47500075AEB /* en */ = {isa = PBXFileReference; lastKnownFileType = text.plist.strings; name = en; path = en.lproj/InfoPlist.strings; sourceTree = "<group>"; };
		1A06529819A5C47500075AEB /* main.m */ = {isa = PBXFileReference; lastKnownFileType = sourcecode.c.objc; path = main.m; sourceTree = "<group>"; };
		1A06529A19A5C47500075AEB /* week7-Prefix.pch */ = {isa = PBXFileReference; lastKnownFileType = sourcecode.c.h; path = "week7-Prefix.pch"; sourceTree = "<group>"; };
		1A06529B19A5C47500075AEB /* AppDelegate.h */ = {isa = PBXFileReference; lastKnownFileType = sourcecode.c.h; path = AppDelegate.h; sourceTree = "<group>"; };
		1A06529C19A5C47500075AEB /* AppDelegate.m */ = {isa = PBXFileReference; lastKnownFileType = sourcecode.c.objc; path = AppDelegate.m; sourceTree = "<group>"; };
		1A06529F19A5C47500075AEB /* Base */ = {isa = PBXFileReference; lastKnownFileType = file.storyboard; name = Base; path = Base.lproj/Main.storyboard; sourceTree = "<group>"; };
		1A0652A119A5C47500075AEB /* MasterViewController.h */ = {isa = PBXFileReference; lastKnownFileType = sourcecode.c.h; path = MasterViewController.h; sourceTree = "<group>"; };
		1A0652A219A5C47500075AEB /* MasterViewController.m */ = {isa = PBXFileReference; lastKnownFileType = sourcecode.c.objc; path = MasterViewController.m; sourceTree = "<group>"; };
		1A0652A419A5C47500075AEB /* DetailViewController.h */ = {isa = PBXFileReference; lastKnownFileType = sourcecode.c.h; path = DetailViewController.h; sourceTree = "<group>"; };
		1A0652A519A5C47500075AEB /* DetailViewController.m */ = {isa = PBXFileReference; lastKnownFileType = sourcecode.c.objc; path = DetailViewController.m; sourceTree = "<group>"; };
		1A0652A719A5C47500075AEB /* Images.xcassets */ = {isa = PBXFileReference; lastKnownFileType = folder.assetcatalog; path = Images.xcassets; sourceTree = "<group>"; };
		1A0652AD19A5C47500075AEB /* week7Tests.xctest */ = {isa = PBXFileReference; explicitFileType = wrapper.cfbundle; includeInIndex = 0; path = week7Tests.xctest; sourceTree = BUILT_PRODUCTS_DIR; };
		1A0652AE19A5C47500075AEB /* XCTest.framework */ = {isa = PBXFileReference; lastKnownFileType = wrapper.framework; name = XCTest.framework; path = Library/Frameworks/XCTest.framework; sourceTree = DEVELOPER_DIR; };
		1A0652B619A5C47500075AEB /* week7Tests-Info.plist */ = {isa = PBXFileReference; lastKnownFileType = text.plist.xml; path = "week7Tests-Info.plist"; sourceTree = "<group>"; };
		1A0652B819A5C47500075AEB /* en */ = {isa = PBXFileReference; lastKnownFileType = text.plist.strings; name = en; path = en.lproj/InfoPlist.strings; sourceTree = "<group>"; };
		1A0652BA19A5C47500075AEB /* week7Tests.m */ = {isa = PBXFileReference; lastKnownFileType = sourcecode.c.objc; path = week7Tests.m; sourceTree = "<group>"; };
/* End PBXFileReference section */

/* Begin PBXFrameworksBuildPhase section */
		1A06528619A5C47500075AEB /* Frameworks */ = {
			isa = PBXFrameworksBuildPhase;
			buildActionMask = 2147483647;
			files = (
				1A06528F19A5C47500075AEB /* CoreGraphics.framework in Frameworks */,
				1A06529119A5C47500075AEB /* UIKit.framework in Frameworks */,
				1A06528D19A5C47500075AEB /* Foundation.framework in Frameworks */,
			);
			runOnlyForDeploymentPostprocessing = 0;
		};
		1A0652AA19A5C47500075AEB /* Frameworks */ = {
			isa = PBXFrameworksBuildPhase;
			buildActionMask = 2147483647;
			files = (
				1A0652AF19A5C47500075AEB /* XCTest.framework in Frameworks */,
				1A0652B119A5C47500075AEB /* UIKit.framework in Frameworks */,
				1A0652B019A5C47500075AEB /* Foundation.framework in Frameworks */,
			);
			runOnlyForDeploymentPostprocessing = 0;
		};
/* End PBXFrameworksBuildPhase section */

/* Begin PBXGroup section */
		1A06528019A5C47500075AEB = {
			isa = PBXGroup;
			children = (
				1A06529219A5C47500075AEB /* week7 */,
				1A0652B419A5C47500075AEB /* week7Tests */,
				1A06528B19A5C47500075AEB /* Frameworks */,
				1A06528A19A5C47500075AEB /* Products */,
			);
			sourceTree = "<group>";
		};
		1A06528A19A5C47500075AEB /* Products */ = {
			isa = PBXGroup;
			children = (
				1A06528919A5C47500075AEB /* week7.app */,
				1A0652AD19A5C47500075AEB /* week7Tests.xctest */,
			);
			name = Products;
			sourceTree = "<group>";
		};
		1A06528B19A5C47500075AEB /* Frameworks */ = {
			isa = PBXGroup;
			children = (
				1A06528C19A5C47500075AEB /* Foundation.framework */,
				1A06528E19A5C47500075AEB /* CoreGraphics.framework */,
				1A06529019A5C47500075AEB /* UIKit.framework */,
				1A0652AE19A5C47500075AEB /* XCTest.framework */,
			);
			name = Frameworks;
			sourceTree = "<group>";
		};
		1A06529219A5C47500075AEB /* week7 */ = {
			isa = PBXGroup;
			children = (
				1A06529B19A5C47500075AEB /* AppDelegate.h */,
				1A06529C19A5C47500075AEB /* AppDelegate.m */,
				1A06529E19A5C47500075AEB /* Main.storyboard */,
				1A0652A119A5C47500075AEB /* MasterViewController.h */,
				1A0652A219A5C47500075AEB /* MasterViewController.m */,
				1A0652A419A5C47500075AEB /* DetailViewController.h */,
				1A0652A519A5C47500075AEB /* DetailViewController.m */,
				1A0652A719A5C47500075AEB /* Images.xcassets */,
				1A06529319A5C47500075AEB /* Supporting Files */,
			);
			path = week7;
			sourceTree = "<group>";
		};
		1A06529319A5C47500075AEB /* Supporting Files */ = {
			isa = PBXGroup;
			children = (
				1A06529419A5C47500075AEB /* week7-Info.plist */,
				1A06529519A5C47500075AEB /* InfoPlist.strings */,
				1A06529819A5C47500075AEB /* main.m */,
				1A06529A19A5C47500075AEB /* week7-Prefix.pch */,
			);
			name = "Supporting Files";
			sourceTree = "<group>";
		};
		1A0652B419A5C47500075AEB /* week7Tests */ = {
			isa = PBXGroup;
			children = (
				1A0652BA19A5C47500075AEB /* week7Tests.m */,
				1A0652B519A5C47500075AEB /* Supporting Files */,
			);
			path = week7Tests;
			sourceTree = "<group>";
		};
		1A0652B519A5C47500075AEB /* Supporting Files */ = {
			isa = PBXGroup;
			children = (
				1A0652B619A5C47500075AEB /* week7Tests-Info.plist */,
				1A0652B719A5C47500075AEB /* InfoPlist.strings */,
			);
			name = "Supporting Files";
			sourceTree = "<group>";
		};
/* End PBXGroup section */

/* Begin PBXNativeTarget section */
		1A06528819A5C47500075AEB /* week7 */ = {
			isa = PBXNativeTarget;
			buildConfigurationList = 1A0652BE19A5C47500075AEB /* Build configuration list for PBXNativeTarget "week7" */;
			buildPhases = (
				1A06528519A5C47500075AEB /* Sources */,
				1A06528619A5C47500075AEB /* Frameworks */,
				1A06528719A5C47500075AEB /* Resources */,
			);
			buildRules = (
			);
			dependencies = (
			);
			name = week7;
			productName = week7;
			productReference = 1A06528919A5C47500075AEB /* week7.app */;
			productType = "com.apple.product-type.application";
		};
		1A0652AC19A5C47500075AEB /* week7Tests */ = {
			isa = PBXNativeTarget;
			buildConfigurationList = 1A0652C119A5C47500075AEB /* Build configuration list for PBXNativeTarget "week7Tests" */;
			buildPhases = (
				1A0652A919A5C47500075AEB /* Sources */,
				1A0652AA19A5C47500075AEB /* Frameworks */,
				1A0652AB19A5C47500075AEB /* Resources */,
			);
			buildRules = (
			);
			dependencies = (
				1A0652B319A5C47500075AEB /* PBXTargetDependency */,
			);
			name = week7Tests;
			productName = week7Tests;
			productReference = 1A0652AD19A5C47500075AEB /* week7Tests.xctest */;
			productType = "com.apple.product-type.bundle.unit-test";
		};
/* End PBXNativeTarget section */

/* Begin PBXProject section */
		1A06528119A5C47500075AEB /* Project object */ = {
			isa = PBXProject;
			attributes = {
				LastUpgradeCheck = 0510;
				ORGANIZATIONNAME = "Yurim Jin";
				TargetAttributes = {
					1A0652AC19A5C47500075AEB = {
						TestTargetID = 1A06528819A5C47500075AEB;
					};
				};
			};
			buildConfigurationList = 1A06528419A5C47500075AEB /* Build configuration list for PBXProject "week7" */;
			compatibilityVersion = "Xcode 3.2";
			developmentRegion = English;
			hasScannedForEncodings = 0;
			knownRegions = (
				en,
				Base,
			);
			mainGroup = 1A06528019A5C47500075AEB;
			productRefGroup = 1A06528A19A5C47500075AEB /* Products */;
			projectDirPath = "";
			projectRoot = "";
			targets = (
				1A06528819A5C47500075AEB /* week7 */,
				1A0652AC19A5C47500075AEB /* week7Tests */,
			);
		};
/* End PBXProject section */

/* Begin PBXResourcesBuildPhase section */
		1A06528719A5C47500075AEB /* Resources */ = {
			isa = PBXResourcesBuildPhase;
			buildActionMask = 2147483647;
			files = (
				1A0652A819A5C47500075AEB /* Images.xcassets in Resources */,
				1A06529719A5C47500075AEB /* InfoPlist.strings in Resources */,
				1A0652A019A5C47500075AEB /* Main.storyboard in Resources */,
			);
			runOnlyForDeploymentPostprocessing = 0;
		};
		1A0652AB19A5C47500075AEB /* Resources */ = {
			isa = PBXResourcesBuildPhase;
			buildActionMask = 2147483647;
			files = (
				1A0652B919A5C47500075AEB /* InfoPlist.strings in Resources */,
			);
			runOnlyForDeploymentPostprocessing = 0;
		};
/* End PBXResourcesBuildPhase section */

/* Begin PBXSourcesBuildPhase section */
		1A06528519A5C47500075AEB /* Sources */ = {
			isa = PBXSourcesBuildPhase;
			buildActionMask = 2147483647;
			files = (
				1A06529D19A5C47500075AEB /* AppDelegate.m in Sources */,
				1A0652A319A5C47500075AEB /* MasterViewController.m in Sources */,
				1A06529919A5C47500075AEB /* main.m in Sources */,
				1A0652A619A5C47500075AEB /* DetailViewController.m in Sources */,
			);
			runOnlyForDeploymentPostprocessing = 0;
		};
		1A0652A919A5C47500075AEB /* Sources */ = {
			isa = PBXSourcesBuildPhase;
			buildActionMask = 2147483647;
			files = (
				1A0652BB19A5C47500075AEB /* week7Tests.m in Sources */,
			);
			runOnlyForDeploymentPostprocessing = 0;
		};
/* End PBXSourcesBuildPhase section */

/* Begin PBXTargetDependency section */
		1A0652B319A5C47500075AEB /* PBXTargetDependency */ = {
			isa = PBXTargetDependency;
			target = 1A06528819A5C47500075AEB /* week7 */;
			targetProxy = 1A0652B219A5C47500075AEB /* PBXContainerItemProxy */;
		};
/* End PBXTargetDependency section */

/* Begin PBXVariantGroup section */
		1A06529519A5C47500075AEB /* InfoPlist.strings */ = {
			isa = PBXVariantGroup;
			children = (
				1A06529619A5C47500075AEB /* en */,
			);
			name = InfoPlist.strings;
			sourceTree = "<group>";
		};
		1A06529E19A5C47500075AEB /* Main.storyboard */ = {
			isa = PBXVariantGroup;
			children = (
				1A06529F19A5C47500075AEB /* Base */,
			);
			name = Main.storyboard;
			sourceTree = "<group>";
		};
		1A0652B719A5C47500075AEB /* InfoPlist.strings */ = {
			isa = PBXVariantGroup;
			children = (
				1A0652B819A5C47500075AEB /* en */,
			);
			name = InfoPlist.strings;
			sourceTree = "<group>";
		};
/* End PBXVariantGroup section */

/* Begin XCBuildConfiguration section */
		1A0652BC19A5C47500075AEB /* Debug */ = {
			isa = XCBuildConfiguration;
			buildSettings = {
				ALWAYS_SEARCH_USER_PATHS = NO;
				CLANG_CXX_LANGUAGE_STANDARD = "gnu++0x";
				CLANG_CXX_LIBRARY = "libc++";
				CLANG_ENABLE_MODULES = YES;
				CLANG_ENABLE_OBJC_ARC = YES;
				CLANG_WARN_BOOL_CONVERSION = YES;
				CLANG_WARN_CONSTANT_CONVERSION = YES;
				CLANG_WARN_DIRECT_OBJC_ISA_USAGE = YES_ERROR;
				CLANG_WARN_EMPTY_BODY = YES;
				CLANG_WARN_ENUM_CONVERSION = YES;
				CLANG_WARN_INT_CONVERSION = YES;
				CLANG_WARN_OBJC_ROOT_CLASS = YES_ERROR;
				CLANG_WARN__DUPLICATE_METHOD_MATCH = YES;
				"CODE_SIGN_IDENTITY[sdk=iphoneos*]" = "iPhone Developer";
				COPY_PHASE_STRIP = NO;
				GCC_C_LANGUAGE_STANDARD = gnu99;
				GCC_DYNAMIC_NO_PIC = NO;
				GCC_OPTIMIZATION_LEVEL = 0;
				GCC_PREPROCESSOR_DEFINITIONS = (
					"DEBUG=1",
					"$(inherited)",
				);
				GCC_SYMBOLS_PRIVATE_EXTERN = NO;
				GCC_WARN_64_TO_32_BIT_CONVERSION = YES;
				GCC_WARN_ABOUT_RETURN_TYPE = YES_ERROR;
				GCC_WARN_UNDECLARED_SELECTOR = YES;
				GCC_WARN_UNINITIALIZED_AUTOS = YES_AGGRESSIVE;
				GCC_WARN_UNUSED_FUNCTION = YES;
				GCC_WARN_UNUSED_VARIABLE = YES;
				IPHONEOS_DEPLOYMENT_TARGET = 7.1;
				ONLY_ACTIVE_ARCH = YES;
				SDKROOT = iphoneos;
			};
			name = Debug;
		};
		1A0652BD19A5C47500075AEB /* Release */ = {
			isa = XCBuildConfiguration;
			buildSettings = {
				ALWAYS_SEARCH_USER_PATHS = NO;
				CLANG_CXX_LANGUAGE_STANDARD = "gnu++0x";
				CLANG_CXX_LIBRARY = "libc++";
				CLANG_ENABLE_MODULES = YES;
				CLANG_ENABLE_OBJC_ARC = YES;
				CLANG_WARN_BOOL_CONVERSION = YES;
				CLANG_WARN_CONSTANT_CONVERSION = YES;
				CLANG_WARN_DIRECT_OBJC_ISA_USAGE = YES_ERROR;
				CLANG_WARN_EMPTY_BODY = YES;
				CLANG_WARN_ENUM_CONVERSION = YES;
				CLANG_WARN_INT_CONVERSION = YES;
				CLANG_WARN_OBJC_ROOT_CLASS = YES_ERROR;
				CLANG_WARN__DUPLICATE_METHOD_MATCH = YES;
				"CODE_SIGN_IDENTITY[sdk=iphoneos*]" = "iPhone Developer";
				COPY_PHASE_STRIP = YES;
				ENABLE_NS_ASSERTIONS = NO;
				GCC_C_LANGUAGE_STANDARD = gnu99;
				GCC_WARN_64_TO_32_BIT_CONVERSION = YES;
				GCC_WARN_ABOUT_RETURN_TYPE = YES_ERROR;
				GCC_WARN_UNDECLARED_SELECTOR = YES;
				GCC_WARN_UNINITIALIZED_AUTOS = YES_AGGRESSIVE;
				GCC_WARN_UNUSED_FUNCTION = YES;
				GCC_WARN_UNUSED_VARIABLE = YES;
				IPHONEOS_DEPLOYMENT_TARGET = 7.1;
				SDKROOT = iphoneos;
				VALIDATE_PRODUCT = YES;
			};
			name = Release;
		};
		1A0652BF19A5C47500075AEB /* Debug */ = {
			isa = XCBuildConfiguration;
			buildSettings = {
				ASSETCATALOG_COMPILER_APPICON_NAME = AppIcon;
				ASSETCATALOG_COMPILER_LAUNCHIMAGE_NAME = LaunchImage;
				GCC_PRECOMPILE_PREFIX_HEADER = YES;
				GCC_PREFIX_HEADER = "week7/week7-Prefix.pch";
				INFOPLIST_FILE = "week7/week7-Info.plist";
				PRODUCT_NAME = "$(TARGET_NAME)";
				WRAPPER_EXTENSION = app;
			};
			name = Debug;
		};
		1A0652C019A5C47500075AEB /* Release */ = {
			isa = XCBuildConfiguration;
			buildSettings = {
				ASSETCATALOG_COMPILER_APPICON_NAME = AppIcon;
				ASSETCATALOG_COMPILER_LAUNCHIMAGE_NAME = LaunchImage;
				GCC_PRECOMPILE_PREFIX_HEADER = YES;
				GCC_PREFIX_HEADER = "week7/week7-Prefix.pch";
				INFOPLIST_FILE = "week7/week7-Info.plist";
				PRODUCT_NAME = "$(TARGET_NAME)";
				WRAPPER_EXTENSION = app;
			};
			name = Release;
		};
		1A0652C219A5C47500075AEB /* Debug */ = {
			isa = XCBuildConfiguration;
			buildSettings = {
				BUNDLE_LOADER = "$(BUILT_PRODUCTS_DIR)/week7.app/week7";
				FRAMEWORK_SEARCH_PATHS = (
					"$(SDKROOT)/Developer/Library/Frameworks",
					"$(inherited)",
					"$(DEVELOPER_FRAMEWORKS_DIR)",
				);
				GCC_PRECOMPILE_PREFIX_HEADER = YES;
				GCC_PREFIX_HEADER = "week7/week7-Prefix.pch";
				GCC_PREPROCESSOR_DEFINITIONS = (
					"DEBUG=1",
					"$(inherited)",
				);
				INFOPLIST_FILE = "week7Tests/week7Tests-Info.plist";
				PRODUCT_NAME = "$(TARGET_NAME)";
				TEST_HOST = "$(BUNDLE_LOADER)";
				WRAPPER_EXTENSION = xctest;
			};
			name = Debug;
		};
		1A0652C319A5C47500075AEB /* Release */ = {
			isa = XCBuildConfiguration;
			buildSettings = {
				BUNDLE_LOADER = "$(BUILT_PRODUCTS_DIR)/week7.app/week7";
				FRAMEWORK_SEARCH_PATHS = (
					"$(SDKROOT)/Developer/Library/Frameworks",
					"$(inherited)",
					"$(DEVELOPER_FRAMEWORKS_DIR)",
				);
				GCC_PRECOMPILE_PREFIX_HEADER = YES;
				GCC_PREFIX_HEADER = "week7/week7-Prefix.pch";
				INFOPLIST_FILE = "week7Tests/week7Tests-Info.plist";
				PRODUCT_NAME = "$(TARGET_NAME)";
				TEST_HOST = "$(BUNDLE_LOADER)";
				WRAPPER_EXTENSION = xctest;
			};
			name = Release;
		};
/* End XCBuildConfiguration section */

/* Begin XCConfigurationList section */
		1A06528419A5C47500075AEB /* Build configuration list for PBXProject "week7" */ = {
			isa = XCConfigurationList;
			buildConfigurations = (
				1A0652BC19A5C47500075AEB /* Debug */,
				1A0652BD19A5C47500075AEB /* Release */,
			);
			defaultConfigurationIsVisible = 0;
			defaultConfigurationName = Release;
		};
		1A0652BE19A5C47500075AEB /* Build configuration list for PBXNativeTarget "week7" */ = {
			isa = XCConfigurationList;
			buildConfigurations = (
				1A0652BF19A5C47500075AEB /* Debug */,
				1A0652C019A5C47500075AEB /* Release */,
			);
			defaultConfigurationIsVisible = 0;
		};
		1A0652C119A5C47500075AEB /* Build configuration list for PBXNativeTarget "week7Tests" */ = {
			isa = XCConfigurationList;
			buildConfigurations = (
				1A0652C219A5C47500075AEB /* Debug */,
				1A0652C319A5C47500075AEB /* Release */,
			);
			defaultConfigurationIsVisible = 0;
		};
/* End XCConfigurationList section */
	};
	rootObject = 1A06528119A5C47500075AEB /* Project object */;
}
